
Microsoft Visual Studio Solution File, Format Version 12.00
# Visual Studio Version 16
VisualStudioVersion = 16.0.30523.141
MinimumVisualStudioVersion = 10.0.40219.1
Project("{FAE04EC0-301F-11D3-BF4B-00C04F79EFBC}") = "ClaseObjetoTest", "ClaseObjetoTest\ClaseObjetoTest.csproj", "{6E376768-CB94-4875-B268-B14EEA173C34}"
EndProject
Global
	GlobalSection(SolutionConfigurationPlatforms) = preSolution
		Debug|Any CPU = Debug|Any CPU
		Release|Any CPU = Release|Any CPU
	EndGlobalSection
	GlobalSection(ProjectConfigurationPlatforms) = postSolution
		{6E376768-CB94-4875-B268-B14EEA173C34}.Debug|Any CPU.ActiveCfg = Debug|Any CPU
		{6E376768-CB94-4875-B268-B14EEA173C34}.Debug|Any CPU.Build.0 = Debug|Any CPU
		{6E376768-CB94-4875-B268-B14EEA173C34}.Release|Any CPU.ActiveCfg = Release|Any CPU
		{6E376768-CB94-4875-B268-B14EEA173C34}.Release|Any CPU.Build.0 = Release|Any CPU
	EndGlobalSection
	GlobalSection(SolutionProperties) = preSolution
		HideSolutionNode = FALSE
	EndGlobalSection
	GlobalSection(ExtensibilityGlobals) = postSolution
		SolutionGuid = {BA563B9F-96D8-4EC3-98FE-FC9A0907D08C}
	EndGlobalSection
EndGlobal
